
Microsoft Visual Studio Solution File, Format Version 12.00
Project("{FAE04EC0-301F-11D3-BF4B-00C04F79EFBC}") = "BackgroundWork", "BackgroundWork\BackgroundWork.csproj", "{D93A13A6-300A-4815-9290-935F4906FDD9}"
EndProject
Global
	GlobalSection(SolutionConfigurationPlatforms) = preSolution
		Debug|Any CPU = Debug|Any CPU
		Release|Any CPU = Release|Any CPU
	EndGlobalSection
	GlobalSection(ProjectConfigurationPlatforms) = postSolution
		{D93A13A6-300A-4815-9290-935F4906FDD9}.Debug|Any CPU.ActiveCfg = Debug|Any CPU
		{D93A13A6-300A-4815-9290-935F4906FDD9}.Debug|Any CPU.Build.0 = Debug|Any CPU
		{D93A13A6-300A-4815-9290-935F4906FDD9}.Release|Any CPU.ActiveCfg = Release|Any CPU
		{D93A13A6-300A-4815-9290-935F4906FDD9}.Release|Any CPU.Build.0 = Release|Any CPU
	EndGlobalSection
EndGlobal
